PODS:
  - CombineDitto (0.1.2):
    - DittoSwift (>= 1.0.4)
  - CropViewController (2.6.0)
  - DittoObjC (1.0.19)
  - DittoSwift (1.0.19):
    - DittoObjC (= 1.0.19)

DEPENDENCIES:
  - CombineDitto
  - CropViewController
  - DittoSwift (>= 1.0.19)

SPEC REPOS:
  trunk:
    - CombineDitto
    - CropViewController
    - DittoObjC
    - DittoSwift

SPEC CHECKSUMS:
  CombineDitto: 0fbbe1c0fc7088a0d70dfb27decc43e5b5974c4b
  CropViewController: 7093b39ec3cb508531b22d35773e06cecd7378d8
  DittoObjC: b028127a964d5c3305a48b78ac0a6e32abb432e8
  DittoSwift: 79a4345446d47ba95ffb5b8202e0b7cf0f7818c0

PODFILE CHECKSUM: 16c0fa45d0472792152c794f6add84d156628a39

COCOAPODS: 1.11.2
